
Microsoft Visual Studio Solution File, Format Version 12.00
Project("{FAE04EC0-301F-11D3-BF4B-00C04F79EFBC}") = "Problem1", "Problem1\Problem1.csproj", "{A6EA8A47-65C3-458D-9844-8C758FCC1262}"
EndProject
Project("{FAE04EC0-301F-11D3-BF4B-00C04F79EFBC}") = "Problem3", "Problem3\Problem3.csproj", "{87833317-A8D4-49D0-B684-78B8DC91F260}"
EndProject
Project("{FAE04EC0-301F-11D3-BF4B-00C04F79EFBC}") = "Problem2", "Problem2\Problem2.csproj", "{A64858A6-2999-4696-8E97-948FBE9BBBAF}"
EndProject
Global
	GlobalSection(SolutionConfigurationPlatforms) = preSolution
		Debug|Any CPU = Debug|Any CPU
		Release|Any CPU = Release|Any CPU
	EndGlobalSection
	GlobalSection(ProjectConfigurationPlatforms) = postSolution
		{A6EA8A47-65C3-458D-9844-8C758FCC1262}.Debug|Any CPU.ActiveCfg = Debug|Any CPU
		{A6EA8A47-65C3-458D-9844-8C758FCC1262}.Debug|Any CPU.Build.0 = Debug|Any CPU
		{A6EA8A47-65C3-458D-9844-8C758FCC1262}.Release|Any CPU.ActiveCfg = Release|Any CPU
		{A6EA8A47-65C3-458D-9844-8C758FCC1262}.Release|Any CPU.Build.0 = Release|Any CPU
		{87833317-A8D4-49D0-B684-78B8DC91F260}.Debug|Any CPU.ActiveCfg = Debug|Any CPU
		{87833317-A8D4-49D0-B684-78B8DC91F260}.Debug|Any CPU.Build.0 = Debug|Any CPU
		{87833317-A8D4-49D0-B684-78B8DC91F260}.Release|Any CPU.ActiveCfg = Release|Any CPU
		{87833317-A8D4-49D0-B684-78B8DC91F260}.Release|Any CPU.Build.0 = Release|Any CPU
		{A64858A6-2999-4696-8E97-948FBE9BBBAF}.Debug|Any CPU.ActiveCfg = Debug|Any CPU
		{A64858A6-2999-4696-8E97-948FBE9BBBAF}.Debug|Any CPU.Build.0 = Debug|Any CPU
		{A64858A6-2999-4696-8E97-948FBE9BBBAF}.Release|Any CPU.ActiveCfg = Release|Any CPU
		{A64858A6-2999-4696-8E97-948FBE9BBBAF}.Release|Any CPU.Build.0 = Release|Any CPU
	EndGlobalSection
EndGlobal
